// !$*UTF8*$!
{
	archiveVersion = 1;
	classes = {
	};
	objectVersion = 51;
	objects = {

/* Begin PBXBuildFile section */
		1498068F25E24D9D11FE9C64 /* Pods_FlixTests.framework in Frameworks */ = {isa = PBXBuildFile; fileRef = 68831D5DE32A0DA3336B55E2 /* Pods_FlixTests.framework */; };
		67197974C0863015E1F4372D /* Pods_Flix_FlixUITests.framework in Frameworks */ = {isa = PBXBuildFile; fileRef = 6A1223EB809915461F5AE412 /* Pods_Flix_FlixUITests.framework */; };
		9B34062B26838DA600992403 /* AppDelegate.m in Sources */ = {isa = PBXBuildFile; fileRef = 9B34062A26838DA600992403 /* AppDelegate.m */; };
		9B34062E26838DA600992403 /* SceneDelegate.m in Sources */ = {isa = PBXBuildFile; fileRef = 9B34062D26838DA600992403 /* SceneDelegate.m */; };
		9B34063426838DA600992403 /* Main.storyboard in Resources */ = {isa = PBXBuildFile; fileRef = 9B34063226838DA600992403 /* Main.storyboard */; };
		9B34063626838DA700992403 /* Assets.xcassets in Resources */ = {isa = PBXBuildFile; fileRef = 9B34063526838DA700992403 /* Assets.xcassets */; };
		9B34063926838DA700992403 /* LaunchScreen.storyboard in Resources */ = {isa = PBXBuildFile; fileRef = 9B34063726838DA700992403 /* LaunchScreen.storyboard */; };
		9B34063C26838DA700992403 /* main.m in Sources */ = {isa = PBXBuildFile; fileRef = 9B34063B26838DA700992403 /* main.m */; };
		9B34064626838DA700992403 /* FlixTests.m in Sources */ = {isa = PBXBuildFile; fileRef = 9B34064526838DA700992403 /* FlixTests.m */; };
		9B34065126838DA800992403 /* FlixUITests.m in Sources */ = {isa = PBXBuildFile; fileRef = 9B34065026838DA800992403 /* FlixUITests.m */; };
		9B3406602683970C00992403 /* MoviesViewController.m in Sources */ = {isa = PBXBuildFile; fileRef = 9B34065F2683970C00992403 /* MoviesViewController.m */; };
		9B3406692683BD0300992403 /* MovieCell.m in Sources */ = {isa = PBXBuildFile; fileRef = 9B3406682683BD0300992403 /* MovieCell.m */; };
		9B34066C2683CAA300992403 /* DetailsViewController.m in Sources */ = {isa = PBXBuildFile; fileRef = 9B34066B2683CAA300992403 /* DetailsViewController.m */; };
		9B34066F2683DF2E00992403 /* MoviesGridViewController.m in Sources */ = {isa = PBXBuildFile; fileRef = 9B34066E2683DF2E00992403 /* MoviesGridViewController.m */; };
		9B3406722683E19700992403 /* MovieCollectionCell.m in Sources */ = {isa = PBXBuildFile; fileRef = 9B3406712683E19700992403 /* MovieCollectionCell.m */; };
		C91092F5C95F924380D3D698 /* Pods_Flix.framework in Frameworks */ = {isa = PBXBuildFile; fileRef = 6450D1D4C63EE58A0FE92B3E /* Pods_Flix.framework */; };
/* End PBXBuildFile section */

/* Begin PBXContainerItemProxy section */
		9B34064226838DA700992403 /* PBXContainerItemProxy */ = {
			isa = PBXContainerItemProxy;
			containerPortal = 9B34061E26838DA600992403 /* Project object */;
			proxyType = 1;
			remoteGlobalIDString = 9B34062526838DA600992403;
			remoteInfo = Flix;
		};
		9B34064D26838DA800992403 /* PBXContainerItemProxy */ = {
			isa = PBXContainerItemProxy;
			containerPortal = 9B34061E26838DA600992403 /* Project object */;
			proxyType = 1;
			remoteGlobalIDString = 9B34062526838DA600992403;
			remoteInfo = Flix;
		};
/* End PBXContainerItemProxy section */

/* Begin PBXFileReference section */
		163D016E296FE19847B1F11B /* Pods-FlixTests.debug.xcconfig */ = {isa = PBXFileReference; includeInIndex = 1; lastKnownFileType = text.xcconfig; name = "Pods-FlixTests.debug.xcconfig"; path = "Target Support Files/Pods-FlixTests/Pods-FlixTests.debug.xcconfig"; sourceTree = "<group>"; };
		2D29D513D395AAD32E40633B /* Pods-Flix.debug.xcconfig */ = {isa = PBXFileReference; includeInIndex = 1; lastKnownFileType = text.xcconfig; name = "Pods-Flix.debug.xcconfig"; path = "Target Support Files/Pods-Flix/Pods-Flix.debug.xcconfig"; sourceTree = "<group>"; };
		55B89FD8B1D9A41824D48560 /* Pods-Flix-FlixUITests.release.xcconfig */ = {isa = PBXFileReference; includeInIndex = 1; lastKnownFileType = text.xcconfig; name = "Pods-Flix-FlixUITests.release.xcconfig"; path = "Target Support Files/Pods-Flix-FlixUITests/Pods-Flix-FlixUITests.release.xcconfig"; sourceTree = "<group>"; };
		6450D1D4C63EE58A0FE92B3E /* Pods_Flix.framework */ = {isa = PBXFileReference; explicitFileType = wrapper.framework; includeInIndex = 0; path = Pods_Flix.framework; sourceTree = BUILT_PRODUCTS_DIR; };
		68831D5DE32A0DA3336B55E2 /* Pods_FlixTests.framework */ = {isa = PBXFileReference; explicitFileType = wrapper.framework; includeInIndex = 0; path = Pods_FlixTests.framework; sourceTree = BUILT_PRODUCTS_DIR; };
		6A1223EB809915461F5AE412 /* Pods_Flix_FlixUITests.framework */ = {isa = PBXFileReference; explicitFileType = wrapper.framework; includeInIndex = 0; path = Pods_Flix_FlixUITests.framework; sourceTree = BUILT_PRODUCTS_DIR; };
		79D5154D7EA7F947CB064A18 /* Pods-Flix.release.xcconfig */ = {isa = PBXFileReference; includeInIndex = 1; lastKnownFileType = text.xcconfig; name = "Pods-Flix.release.xcconfig"; path = "Target Support Files/Pods-Flix/Pods-Flix.release.xcconfig"; sourceTree = "<group>"; };
		9B34062626838DA600992403 /* Flix.app */ = {isa = PBXFileReference; explicitFileType = wrapper.application; includeInIndex = 0; path = Flix.app; sourceTree = BUILT_PRODUCTS_DIR; };
		9B34062926838DA600992403 /* AppDelegate.h */ = {isa = PBXFileReference; lastKnownFileType = sourcecode.c.h; path = AppDelegate.h; sourceTree = "<group>"; };
		9B34062A26838DA600992403 /* AppDelegate.m */ = {isa = PBXFileReference; lastKnownFileType = sourcecode.c.objc; path = AppDelegate.m; sourceTree = "<group>"; };
		9B34062C26838DA600992403 /* SceneDelegate.h */ = {isa = PBXFileReference; lastKnownFileType = sourcecode.c.h; path = SceneDelegate.h; sourceTree = "<group>"; };
		9B34062D26838DA600992403 /* SceneDelegate.m */ = {isa = PBXFileReference; lastKnownFileType = sourcecode.c.objc; path = SceneDelegate.m; sourceTree = "<group>"; };
		9B34063326838DA600992403 /* Base */ = {isa = PBXFileReference; lastKnownFileType = file.storyboard; name = Base; path = Base.lproj/Main.storyboard; sourceTree = "<group>"; };
		9B34063526838DA700992403 /* Assets.xcassets */ = {isa = PBXFileReference; lastKnownFileType = folder.assetcatalog; path = Assets.xcassets; sourceTree = "<group>"; };
		9B34063826838DA700992403 /* Base */ = {isa = PBXFileReference; lastKnownFileType = file.storyboard; name = Base; path = Base.lproj/LaunchScreen.storyboard; sourceTree = "<group>"; };
		9B34063A26838DA700992403 /* Info.plist */ = {isa = PBXFileReference; lastKnownFileType = text.plist.xml; path = Info.plist; sourceTree = "<group>"; };
		9B34063B26838DA700992403 /* main.m */ = {isa = PBXFileReference; lastKnownFileType = sourcecode.c.objc; path = main.m; sourceTree = "<group>"; };
		9B34064126838DA700992403 /* FlixTests.xctest */ = {isa = PBXFileReference; explicitFileType = wrapper.cfbundle; includeInIndex = 0; path = FlixTests.xctest; sourceTree = BUILT_PRODUCTS_DIR; };
		9B34064526838DA700992403 /* FlixTests.m */ = {isa = PBXFileReference; lastKnownFileType = sourcecode.c.objc; path = FlixTests.m; sourceTree = "<group>"; };
		9B34064726838DA700992403 /* Info.plist */ = {isa = PBXFileReference; lastKnownFileType = text.plist.xml; path = Info.plist; sourceTree = "<group>"; };
		9B34064C26838DA800992403 /* FlixUITests.xctest */ = {isa = PBXFileReference; explicitFileType = wrapper.cfbundle; includeInIndex = 0; path = FlixUITests.xctest; sourceTree = BUILT_PRODUCTS_DIR; };
		9B34065026838DA800992403 /* FlixUITests.m */ = {isa = PBXFileReference; lastKnownFileType = sourcecode.c.objc; path = FlixUITests.m; sourceTree = "<group>"; };
		9B34065226838DA800992403 /* Info.plist */ = {isa = PBXFileReference; lastKnownFileType = text.plist.xml; path = Info.plist; sourceTree = "<group>"; };
		9B34065E2683970C00992403 /* MoviesViewController.h */ = {isa = PBXFileReference; lastKnownFileType = sourcecode.c.h; path = MoviesViewController.h; sourceTree = "<group>"; };
		9B34065F2683970C00992403 /* MoviesViewController.m */ = {isa = PBXFileReference; lastKnownFileType = sourcecode.c.objc; path = MoviesViewController.m; sourceTree = "<group>"; };
		9B3406672683BD0300992403 /* MovieCell.h */ = {isa = PBXFileReference; lastKnownFileType = sourcecode.c.h; path = MovieCell.h; sourceTree = "<group>"; };
		9B3406682683BD0300992403 /* MovieCell.m */ = {isa = PBXFileReference; lastKnownFileType = sourcecode.c.objc; path = MovieCell.m; sourceTree = "<group>"; };
		9B34066A2683CAA300992403 /* DetailsViewController.h */ = {isa = PBXFileReference; lastKnownFileType = sourcecode.c.h; path = DetailsViewController.h; sourceTree = "<group>"; };
		9B34066B2683CAA300992403 /* DetailsViewController.m */ = {isa = PBXFileReference; lastKnownFileType = sourcecode.c.objc; path = DetailsViewController.m; sourceTree = "<group>"; };
		9B34066D2683DF2E00992403 /* MoviesGridViewController.h */ = {isa = PBXFileReference; lastKnownFileType = sourcecode.c.h; path = MoviesGridViewController.h; sourceTree = "<group>"; };
		9B34066E2683DF2E00992403 /* MoviesGridViewController.m */ = {isa = PBXFileReference; lastKnownFileType = sourcecode.c.objc; path = MoviesGridViewController.m; sourceTree = "<group>"; };
		9B3406702683E19700992403 /* MovieCollectionCell.h */ = {isa = PBXFileReference; lastKnownFileType = sourcecode.c.h; path = MovieCollectionCell.h; sourceTree = "<group>"; };
		9B3406712683E19700992403 /* MovieCollectionCell.m */ = {isa = PBXFileReference; lastKnownFileType = sourcecode.c.objc; path = MovieCollectionCell.m; sourceTree = "<group>"; };
		E4A9DC527A40F4D8106F7E0A /* Pods-Flix-FlixUITests.debug.xcconfig */ = {isa = PBXFileReference; includeInIndex = 1; lastKnownFileType = text.xcconfig; name = "Pods-Flix-FlixUITests.debug.xcconfig"; path = "Target Support Files/Pods-Flix-FlixUITests/Pods-Flix-FlixUITests.debug.xcconfig"; sourceTree = "<group>"; };
		F69D894883681553B6284FBD /* Pods-FlixTests.release.xcconfig */ = {isa = PBXFileReference; includeInIndex = 1; lastKnownFileType = text.xcconfig; name = "Pods-FlixTests.release.xcconfig"; path = "Target Support Files/Pods-FlixTests/Pods-FlixTests.release.xcconfig"; sourceTree = "<group>"; };
/* End PBXFileReference section */

/* Begin PBXFrameworksBuildPhase section */
		9B34062326838DA600992403 /* Frameworks */ = {
			isa = PBXFrameworksBuildPhase;
			buildActionMask = 2147483647;
			files = (
				C91092F5C95F924380D3D698 /* Pods_Flix.framework in Frameworks */,
			);
			runOnlyForDeploymentPostprocessing = 0;
		};
		9B34063E26838DA700992403 /* Frameworks */ = {
			isa = PBXFrameworksBuildPhase;
			buildActionMask = 2147483647;
			files = (
				1498068F25E24D9D11FE9C64 /* Pods_FlixTests.framework in Frameworks */,
			);
			runOnlyForDeploymentPostprocessing = 0;
		};
		9B34064926838DA800992403 /* Frameworks */ = {
			isa = PBXFrameworksBuildPhase;
			buildActionMask = 2147483647;
			files = (
				67197974C0863015E1F4372D /* Pods_Flix_FlixUITests.framework in Frameworks */,
			);
			runOnlyForDeploymentPostprocessing = 0;
		};
/* End PBXFrameworksBuildPhase section */

/* Begin PBXGroup section */
		6EE1DE0390319132EBFC3245 /* Pods */ = {
			isa = PBXGroup;
			children = (
				2D29D513D395AAD32E40633B /* Pods-Flix.debug.xcconfig */,
				79D5154D7EA7F947CB064A18 /* Pods-Flix.release.xcconfig */,
				E4A9DC527A40F4D8106F7E0A /* Pods-Flix-FlixUITests.debug.xcconfig */,
				55B89FD8B1D9A41824D48560 /* Pods-Flix-FlixUITests.release.xcconfig */,
				163D016E296FE19847B1F11B /* Pods-FlixTests.debug.xcconfig */,
				F69D894883681553B6284FBD /* Pods-FlixTests.release.xcconfig */,
			);
			path = Pods;
			sourceTree = "<group>";
		};
		8D307C037E6DEF28C2D99400 /* Frameworks */ = {
			isa = PBXGroup;
			children = (
				6450D1D4C63EE58A0FE92B3E /* Pods_Flix.framework */,
				6A1223EB809915461F5AE412 /* Pods_Flix_FlixUITests.framework */,
				68831D5DE32A0DA3336B55E2 /* Pods_FlixTests.framework */,
			);
			name = Frameworks;
			sourceTree = "<group>";
		};
		9B34061D26838DA600992403 = {
			isa = PBXGroup;
			children = (
				9B34062826838DA600992403 /* Flix */,
				9B34064426838DA700992403 /* FlixTests */,
				9B34064F26838DA800992403 /* FlixUITests */,
				9B34062726838DA600992403 /* Products */,
				6EE1DE0390319132EBFC3245 /* Pods */,
				8D307C037E6DEF28C2D99400 /* Frameworks */,
			);
			sourceTree = "<group>";
		};
		9B34062726838DA600992403 /* Products */ = {
			isa = PBXGroup;
			children = (
				9B34062626838DA600992403 /* Flix.app */,
				9B34064126838DA700992403 /* FlixTests.xctest */,
				9B34064C26838DA800992403 /* FlixUITests.xctest */,
			);
			name = Products;
			sourceTree = "<group>";
		};
		9B34062826838DA600992403 /* Flix */ = {
			isa = PBXGroup;
			children = (
				9B3406632683981600992403 /* Models */,
				9B3406622683981200992403 /* Views */,
				9B3406612683980C00992403 /* View Controllers */,
				9B34062926838DA600992403 /* AppDelegate.h */,
				9B34062A26838DA600992403 /* AppDelegate.m */,
				9B34062C26838DA600992403 /* SceneDelegate.h */,
				9B34062D26838DA600992403 /* SceneDelegate.m */,
				9B34063226838DA600992403 /* Main.storyboard */,
				9B34063526838DA700992403 /* Assets.xcassets */,
				9B34063726838DA700992403 /* LaunchScreen.storyboard */,
				9B34063A26838DA700992403 /* Info.plist */,
				9B34063B26838DA700992403 /* main.m */,
			);
			path = Flix;
			sourceTree = "<group>";
		};
		9B34064426838DA700992403 /* FlixTests */ = {
			isa = PBXGroup;
			children = (
				9B34064526838DA700992403 /* FlixTests.m */,
				9B34064726838DA700992403 /* Info.plist */,
			);
			path = FlixTests;
			sourceTree = "<group>";
		};
		9B34064F26838DA800992403 /* FlixUITests */ = {
			isa = PBXGroup;
			children = (
				9B34065026838DA800992403 /* FlixUITests.m */,
				9B34065226838DA800992403 /* Info.plist */,
			);
			path = FlixUITests;
			sourceTree = "<group>";
		};
		9B3406612683980C00992403 /* View Controllers */ = {
			isa = PBXGroup;
			children = (
				9B34065E2683970C00992403 /* MoviesViewController.h */,
				9B34065F2683970C00992403 /* MoviesViewController.m */,
				9B34066A2683CAA300992403 /* DetailsViewController.h */,
				9B34066B2683CAA300992403 /* DetailsViewController.m */,
				9B34066D2683DF2E00992403 /* MoviesGridViewController.h */,
				9B34066E2683DF2E00992403 /* MoviesGridViewController.m */,
			);
			path = "View Controllers";
			sourceTree = "<group>";
		};
		9B3406622683981200992403 /* Views */ = {
			isa = PBXGroup;
			children = (
				9B3406672683BD0300992403 /* MovieCell.h */,
				9B3406682683BD0300992403 /* MovieCell.m */,
				9B3406702683E19700992403 /* MovieCollectionCell.h */,
				9B3406712683E19700992403 /* MovieCollectionCell.m */,
			);
			path = Views;
			sourceTree = "<group>";
		};
		9B3406632683981600992403 /* Models */ = {
			isa = PBXGroup;
			children = (
			);
			path = Models;
			sourceTree = "<group>";
		};
/* End PBXGroup section */

/* Begin PBXNativeTarget section */
		9B34062526838DA600992403 /* Flix */ = {
			isa = PBXNativeTarget;
			buildConfigurationList = 9B34065526838DA800992403 /* Build configuration list for PBXNativeTarget "Flix" */;
			buildPhases = (
				77EB31594F115CB1DD6403D1 /* [CP] Check Pods Manifest.lock */,
				9B34062226838DA600992403 /* Sources */,
				9B34062326838DA600992403 /* Frameworks */,
				9B34062426838DA600992403 /* Resources */,
				997CE5ECD3F0C4ADAA524DC6 /* [CP] Embed Pods Frameworks */,
			);
			buildRules = (
			);
			dependencies = (
			);
			name = Flix;
			productName = Flix;
			productReference = 9B34062626838DA600992403 /* Flix.app */;
			productType = "com.apple.product-type.application";
		};
		9B34064026838DA700992403 /* FlixTests */ = {
			isa = PBXNativeTarget;
			buildConfigurationList = 9B34065826838DA800992403 /* Build configuration list for PBXNativeTarget "FlixTests" */;
			buildPhases = (
				FCABBE3303E7BEC7A51C384A /* [CP] Check Pods Manifest.lock */,
				9B34063D26838DA700992403 /* Sources */,
				9B34063E26838DA700992403 /* Frameworks */,
				9B34063F26838DA700992403 /* Resources */,
			);
			buildRules = (
			);
			dependencies = (
				9B34064326838DA700992403 /* PBXTargetDependency */,
			);
			name = FlixTests;
			productName = FlixTests;
			productReference = 9B34064126838DA700992403 /* FlixTests.xctest */;
			productType = "com.apple.product-type.bundle.unit-test";
		};
		9B34064B26838DA800992403 /* FlixUITests */ = {
			isa = PBXNativeTarget;
			buildConfigurationList = 9B34065B26838DA800992403 /* Build configuration list for PBXNativeTarget "FlixUITests" */;
			buildPhases = (
				20D6289FBAE2BFC96B1CE06C /* [CP] Check Pods Manifest.lock */,
				9B34064826838DA800992403 /* Sources */,
				9B34064926838DA800992403 /* Frameworks */,
				9B34064A26838DA800992403 /* Resources */,
				FC3849B7F3B8E1B3E80DFBB4 /* [CP] Embed Pods Frameworks */,
			);
			buildRules = (
			);
			dependencies = (
				9B34064E26838DA800992403 /* PBXTargetDependency */,
			);
			name = FlixUITests;
			productName = FlixUITests;
			productReference = 9B34064C26838DA800992403 /* FlixUITests.xctest */;
			productType = "com.apple.product-type.bundle.ui-testing";
		};
/* End PBXNativeTarget section */

/* Begin PBXProject section */
		9B34061E26838DA600992403 /* Project object */ = {
			isa = PBXProject;
			attributes = {
				LastUpgradeCheck = 1250;
				TargetAttributes = {
					9B34062526838DA600992403 = {
						CreatedOnToolsVersion = 12.5.1;
					};
					9B34064026838DA700992403 = {
						CreatedOnToolsVersion = 12.5.1;
						TestTargetID = 9B34062526838DA600992403;
					};
					9B34064B26838DA800992403 = {
						CreatedOnToolsVersion = 12.5.1;
						TestTargetID = 9B34062526838DA600992403;
					};
				};
			};
			buildConfigurationList = 9B34062126838DA600992403 /* Build configuration list for PBXProject "Flix" */;
			compatibilityVersion = "Xcode 9.3";
			developmentRegion = en;
			hasScannedForEncodings = 0;
			knownRegions = (
				en,
				Base,
			);
			mainGroup = 9B34061D26838DA600992403;
			productRefGroup = 9B34062726838DA600992403 /* Products */;
			projectDirPath = "";
			projectRoot = "";
			targets = (
				9B34062526838DA600992403 /* Flix */,
				9B34064026838DA700992403 /* FlixTests */,
				9B34064B26838DA800992403 /* FlixUITests */,
			);
		};
/* End PBXProject section */

/* Begin PBXResourcesBuildPhase section */
		9B34062426838DA600992403 /* Resources */ = {
			isa = PBXResourcesBuildPhase;
			buildActionMask = 2147483647;
			files = (
				9B34063926838DA700992403 /* LaunchScreen.storyboard in Resources */,
				9B34063626838DA700992403 /* Assets.xcassets in Resources */,
				9B34063426838DA600992403 /* Main.storyboard in Resources */,
			);
			runOnlyForDeploymentPostprocessing = 0;
		};
		9B34063F26838DA700992403 /* Resources */ = {
			isa = PBXResourcesBuildPhase;
			buildActionMask = 2147483647;
			files = (
			);
			runOnlyForDeploymentPostprocessing = 0;
		};
		9B34064A26838DA800992403 /* Resources */ = {
			isa = PBXResourcesBuildPhase;
			buildActionMask = 2147483647;
			files = (
			);
			runOnlyForDeploymentPostprocessing = 0;
		};
/* End PBXResourcesBuildPhase section */

/* Begin PBXShellScriptBuildPhase section */
		20D6289FBAE2BFC96B1CE06C /* [CP] Check Pods Manifest.lock */ = {
			isa = PBXShellScriptBuildPhase;
			buildActionMask = 2147483647;
			files = (
			);
			inputFileListPaths = (
			);
			inputPaths = (
				"${PODS_PODFILE_DIR_PATH}/Podfile.lock",
				"${PODS_ROOT}/Manifest.lock",
			);
			name = "[CP] Check Pods Manifest.lock";
			outputFileListPaths = (
			);
			outputPaths = (
				"$(DERIVED_FILE_DIR)/Pods-Flix-FlixUITests-checkManifestLockResult.txt",
			);
			runOnlyForDeploymentPostprocessing = 0;
			shellPath = /bin/sh;
			shellScript = "diff \"${PODS_PODFILE_DIR_PATH}/Podfile.lock\" \"${PODS_ROOT}/Manifest.lock\" > /dev/null\nif [ $? != 0 ] ; then\n    # print error to STDERR\n    echo \"error: The sandbox is not in sync with the Podfile.lock. Run 'pod install' or update your CocoaPods installation.\" >&2\n    exit 1\nfi\n# This output is used by Xcode 'outputs' to avoid re-running this script phase.\necho \"SUCCESS\" > \"${SCRIPT_OUTPUT_FILE_0}\"\n";
			showEnvVarsInLog = 0;
		};
		77EB31594F115CB1DD6403D1 /* [CP] Check Pods Manifest.lock */ = {
			isa = PBXShellScriptBuildPhase;
			buildActionMask = 2147483647;
			files = (
			);
			inputFileListPaths = (
			);
			inputPaths = (
				"${PODS_PODFILE_DIR_PATH}/Podfile.lock",
				"${PODS_ROOT}/Manifest.lock",
			);
			name = "[CP] Check Pods Manifest.lock";
			outputFileListPaths = (
			);
			outputPaths = (
				"$(DERIVED_FILE_DIR)/Pods-Flix-checkManifestLockResult.txt",
			);
			runOnlyForDeploymentPostprocessing = 0;
			shellPath = /bin/sh;
			shellScript = "diff \"${PODS_PODFILE_DIR_PATH}/Podfile.lock\" \"${PODS_ROOT}/Manifest.lock\" > /dev/null\nif [ $? != 0 ] ; then\n    # print error to STDERR\n    echo \"error: The sandbox is not in sync with the Podfile.lock. Run 'pod install' or update your CocoaPods installation.\" >&2\n    exit 1\nfi\n# This output is used by Xcode 'outputs' to avoid re-running this script phase.\necho \"SUCCESS\" > \"${SCRIPT_OUTPUT_FILE_0}\"\n";
			showEnvVarsInLog = 0;
		};
		997CE5ECD3F0C4ADAA524DC6 /* [CP] Embed Pods Frameworks */ = {
			isa = PBXShellScriptBuildPhase;
			buildActionMask = 2147483647;
			files = (
			);
			inputFileListPaths = (
				"${PODS_ROOT}/Target Support Files/Pods-Flix/Pods-Flix-frameworks-${CONFIGURATION}-input-files.xcfilelist",
			);
			name = "[CP] Embed Pods Frameworks";
			outputFileListPaths = (
				"${PODS_ROOT}/Target Support Files/Pods-Flix/Pods-Flix-frameworks-${CONFIGURATION}-output-files.xcfilelist",
			);
			runOnlyForDeploymentPostprocessing = 0;
			shellPath = /bin/sh;
			shellScript = "\"${PODS_ROOT}/Target Support Files/Pods-Flix/Pods-Flix-frameworks.sh\"\n";
			showEnvVarsInLog = 0;
		};
		FC3849B7F3B8E1B3E80DFBB4 /* [CP] Embed Pods Frameworks */ = {
			isa = PBXShellScriptBuildPhase;
			buildActionMask = 2147483647;
			files = (
			);
			inputFileListPaths = (
				"${PODS_ROOT}/Target Support Files/Pods-Flix-FlixUITests/Pods-Flix-FlixUITests-frameworks-${CONFIGURATION}-input-files.xcfilelist",
			);
			name = "[CP] Embed Pods Frameworks";
			outputFileListPaths = (
				"${PODS_ROOT}/Target Support Files/Pods-Flix-FlixUITests/Pods-Flix-FlixUITests-frameworks-${CONFIGURATION}-output-files.xcfilelist",
			);
			runOnlyForDeploymentPostprocessing = 0;
			shellPath = /bin/sh;
			shellScript = "\"${PODS_ROOT}/Target Support Files/Pods-Flix-FlixUITests/Pods-Flix-FlixUITests-frameworks.sh\"\n";
			showEnvVarsInLog = 0;
		};
		FCABBE3303E7BEC7A51C384A /* [CP] Check Pods Manifest.lock */ = {
			isa = PBXShellScriptBuildPhase;
			buildActionMask = 2147483647;
			files = (
			);
			inputFileListPaths = (
			);
			inputPaths = (
				"${PODS_PODFILE_DIR_PATH}/Podfile.lock",
				"${PODS_ROOT}/Manifest.lock",
			);
			name = "[CP] Check Pods Manifest.lock";
			outputFileListPaths = (
			);
			outputPaths = (
				"$(DERIVED_FILE_DIR)/Pods-FlixTests-checkManifestLockResult.txt",
			);
			runOnlyForDeploymentPostprocessing = 0;
			shellPath = /bin/sh;
			shellScript = "diff \"${PODS_PODFILE_DIR_PATH}/Podfile.lock\" \"${PODS_ROOT}/Manifest.lock\" > /dev/null\nif [ $? != 0 ] ; then\n    # print error to STDERR\n    echo \"error: The sandbox is not in sync with the Podfile.lock. Run 'pod install' or update your CocoaPods installation.\" >&2\n    exit 1\nfi\n# This output is used by Xcode 'outputs' to avoid re-running this script phase.\necho \"SUCCESS\" > \"${SCRIPT_OUTPUT_FILE_0}\"\n";
			showEnvVarsInLog = 0;
		};
/* End PBXShellScriptBuildPhase section */

/* Begin PBXSourcesBuildPhase section */
		9B34062226838DA600992403 /* Sources */ = {
			isa = PBXSourcesBuildPhase;
			buildActionMask = 2147483647;
			files = (
				9B34062B26838DA600992403 /* AppDelegate.m in Sources */,
				9B3406692683BD0300992403 /* MovieCell.m in Sources */,
				9B3406602683970C00992403 /* MoviesViewController.m in Sources */,
				9B34066C2683CAA300992403 /* DetailsViewController.m in Sources */,
				9B3406722683E19700992403 /* MovieCollectionCell.m in Sources */,
				9B34063C26838DA700992403 /* main.m in Sources */,
				9B34062E26838DA600992403 /* SceneDelegate.m in Sources */,
				9B34066F2683DF2E00992403 /* MoviesGridViewController.m in Sources */,
			);
			runOnlyForDeploymentPostprocessing = 0;
		};
		9B34063D26838DA700992403 /* Sources */ = {
			isa = PBXSourcesBuildPhase;
			buildActionMask = 2147483647;
			files = (
				9B34064626838DA700992403 /* FlixTests.m in Sources */,
			);
			runOnlyForDeploymentPostprocessing = 0;
		};
		9B34064826838DA800992403 /* Sources */ = {
			isa = PBXSourcesBuildPhase;
			buildActionMask = 2147483647;
			files = (
				9B34065126838DA800992403 /* FlixUITests.m in Sources */,
			);
			runOnlyForDeploymentPostprocessing = 0;
		};
/* End PBXSourcesBuildPhase section */

/* Begin PBXTargetDependency section */
		9B34064326838DA700992403 /* PBXTargetDependency */ = {
			isa = PBXTargetDependency;
			target = 9B34062526838DA600992403 /* Flix */;
			targetProxy = 9B34064226838DA700992403 /* PBXContainerItemProxy */;
		};
		9B34064E26838DA800992403 /* PBXTargetDependency */ = {
			isa = PBXTargetDependency;
			target = 9B34062526838DA600992403 /* Flix */;
			targetProxy = 9B34064D26838DA800992403 /* PBXContainerItemProxy */;
		};
/* End PBXTargetDependency section */

/* Begin PBXVariantGroup section */
		9B34063226838DA600992403 /* Main.storyboard */ = {
			isa = PBXVariantGroup;
			children = (
				9B34063326838DA600992403 /* Base */,
			);
			name = Main.storyboard;
			sourceTree = "<group>";
		};
		9B34063726838DA700992403 /* LaunchScreen.storyboard */ = {
			isa = PBXVariantGroup;
			children = (
				9B34063826838DA700992403 /* Base */,
			);
			name = LaunchScreen.storyboard;
			sourceTree = "<group>";
		};
/* End PBXVariantGroup section */

/* Begin XCBuildConfiguration section */
		9B34065326838DA800992403 /* Debug */ = {
			isa = XCBuildConfiguration;
			buildSettings = {
				ALWAYS_SEARCH_USER_PATHS = NO;
				CLANG_ANALYZER_NONNULL = YES;
				CLANG_ANALYZER_NUMBER_OBJECT_CONVERSION = YES_AGGRESSIVE;
				CLANG_CXX_LANGUAGE_STANDARD = "gnu++14";
				CLANG_CXX_LIBRARY = "libc++";
				CLANG_ENABLE_MODULES = YES;
				CLANG_ENABLE_OBJC_ARC = YES;
				CLANG_ENABLE_OBJC_WEAK = YES;
				CLANG_WARN_BLOCK_CAPTURE_AUTORELEASING = YES;
				CLANG_WARN_BOOL_CONVERSION = YES;
				CLANG_WARN_COMMA = YES;
				CLANG_WARN_CONSTANT_CONVERSION = YES;
				CLANG_WARN_DEPRECATED_OBJC_IMPLEMENTATIONS = YES;
				CLANG_WARN_DIRECT_OBJC_ISA_USAGE = YES_ERROR;
				CLANG_WARN_DOCUMENTATION_COMMENTS = YES;
				CLANG_WARN_EMPTY_BODY = YES;
				CLANG_WARN_ENUM_CONVERSION = YES;
				CLANG_WARN_INFINITE_RECURSION = YES;
				CLANG_WARN_INT_CONVERSION = YES;
				CLANG_WARN_NON_LITERAL_NULL_CONVERSION = YES;
				CLANG_WARN_OBJC_IMPLICIT_RETAIN_SELF = YES;
				CLANG_WARN_OBJC_LITERAL_CONVERSION = YES;
				CLANG_WARN_OBJC_ROOT_CLASS = YES_ERROR;
				CLANG_WARN_QUOTED_INCLUDE_IN_FRAMEWORK_HEADER = YES;
				CLANG_WARN_RANGE_LOOP_ANALYSIS = YES;
				CLANG_WARN_STRICT_PROTOTYPES = YES;
				CLANG_WARN_SUSPICIOUS_MOVE = YES;
				CLANG_WARN_UNGUARDED_AVAILABILITY = YES_AGGRESSIVE;
				CLANG_WARN_UNREACHABLE_CODE = YES;
				CLANG_WARN__DUPLICATE_METHOD_MATCH = YES;
				COPY_PHASE_STRIP = NO;
				DEBUG_INFORMATION_FORMAT = dwarf;
				ENABLE_STRICT_OBJC_MSGSEND = YES;
				ENABLE_TESTABILITY = YES;
				GCC_C_LANGUAGE_STANDARD = gnu11;
				GCC_DYNAMIC_NO_PIC = NO;
				GCC_NO_COMMON_BLOCKS = YES;
				GCC_OPTIMIZATION_LEVEL = 0;
				GCC_PREPROCESSOR_DEFINITIONS = (
					"DEBUG=1",
					"$(inherited)",
				);
				GCC_WARN_64_TO_32_BIT_CONVERSION = YES;
				GCC_WARN_ABOUT_RETURN_TYPE = YES_ERROR;
				GCC_WARN_UNDECLARED_SELECTOR = YES;
				GCC_WARN_UNINITIALIZED_AUTOS = YES_AGGRESSIVE;
				GCC_WARN_UNUSED_FUNCTION = YES;
				GCC_WARN_UNUSED_VARIABLE = YES;
				IPHONEOS_DEPLOYMENT_TARGET = 14.5;
				MTL_ENABLE_DEBUG_INFO = INCLUDE_SOURCE;
				MTL_FAST_MATH = YES;
				ONLY_ACTIVE_ARCH = YES;
				SDKROOT = iphoneos;
			};
			name = Debug;
		};
		9B34065426838DA800992403 /* Release */ = {
			isa = XCBuildConfiguration;
			buildSettings = {
				ALWAYS_SEARCH_USER_PATHS = NO;
				CLANG_ANALYZER_NONNULL = YES;
				CLANG_ANALYZER_NUMBER_OBJECT_CONVERSION = YES_AGGRESSIVE;
				CLANG_CXX_LANGUAGE_STANDARD = "gnu++14";
				CLANG_CXX_LIBRARY = "libc++";
				CLANG_ENABLE_MODULES = YES;
				CLANG_ENABLE_OBJC_ARC = YES;
				CLANG_ENABLE_OBJC_WEAK = YES;
				CLANG_WARN_BLOCK_CAPTURE_AUTORELEASING = YES;
				CLANG_WARN_BOOL_CONVERSION = YES;
				CLANG_WARN_COMMA = YES;
				CLANG_WARN_CONSTANT_CONVERSION = YES;
				CLANG_WARN_DEPRECATED_OBJC_IMPLEMENTATIONS = YES;
				CLANG_WARN_DIRECT_OBJC_ISA_USAGE = YES_ERROR;
				CLANG_WARN_DOCUMENTATION_COMMENTS = YES;
				CLANG_WARN_EMPTY_BODY = YES;
				CLANG_WARN_ENUM_CONVERSION = YES;
				CLANG_WARN_INFINITE_RECURSION = YES;
				CLANG_WARN_INT_CONVERSION = YES;
				CLANG_WARN_NON_LITERAL_NULL_CONVERSION = YES;
				CLANG_WARN_OBJC_IMPLICIT_RETAIN_SELF = YES;
				CLANG_WARN_OBJC_LITERAL_CONVERSION = YES;
				CLANG_WARN_OBJC_ROOT_CLASS = YES_ERROR;
				CLANG_WARN_QUOTED_INCLUDE_IN_FRAMEWORK_HEADER = YES;
				CLANG_WARN_RANGE_LOOP_ANALYSIS = YES;
				CLANG_WARN_STRICT_PROTOTYPES = YES;
				CLANG_WARN_SUSPICIOUS_MOVE = YES;
				CLANG_WARN_UNGUARDED_AVAILABILITY = YES_AGGRESSIVE;
				CLANG_WARN_UNREACHABLE_CODE = YES;
				CLANG_WARN__DUPLICATE_METHOD_MATCH = YES;
				COPY_PHASE_STRIP = NO;
				DEBUG_INFORMATION_FORMAT = "dwarf-with-dsym";
				ENABLE_NS_ASSERTIONS = NO;
				ENABLE_STRICT_OBJC_MSGSEND = YES;
				GCC_C_LANGUAGE_STANDARD = gnu11;
				GCC_NO_COMMON_BLOCKS = YES;
				GCC_WARN_64_TO_32_BIT_CONVERSION = YES;
				GCC_WARN_ABOUT_RETURN_TYPE = YES_ERROR;
				GCC_WARN_UNDECLARED_SELECTOR = YES;
				GCC_WARN_UNINITIALIZED_AUTOS = YES_AGGRESSIVE;
				GCC_WARN_UNUSED_FUNCTION = YES;
				GCC_WARN_UNUSED_VARIABLE = YES;
				IPHONEOS_DEPLOYMENT_TARGET = 14.5;
				MTL_ENABLE_DEBUG_INFO = NO;
				MTL_FAST_MATH = YES;
				SDKROOT = iphoneos;
				VALIDATE_PRODUCT = YES;
			};
			name = Release;
		};
		9B34065626838DA800992403 /* Debug */ = {
			isa = XCBuildConfiguration;
			baseConfigurationReference = 2D29D513D395AAD32E40633B /* Pods-Flix.debug.xcconfig */;
			buildSettings = {
				ASSETCATALOG_COMPILER_APPICON_NAME = AppIcon;
				ASSETCATALOG_COMPILER_GLOBAL_ACCENT_COLOR_NAME = AccentColor;
				CODE_SIGN_STYLE = Automatic;
				DEVELOPMENT_TEAM = M6WW8H36AB;
				INFOPLIST_FILE = Flix/Info.plist;
				LD_RUNPATH_SEARCH_PATHS = (
					"$(inherited)",
					"@executable_path/Frameworks",
				);
				PRODUCT_BUNDLE_IDENTIFIER = com.marinhyatt.Flix;
				PRODUCT_NAME = "$(TARGET_NAME)";
				TARGETED_DEVICE_FAMILY = "1,2";
			};
			name = Debug;
		};
		9B34065726838DA800992403 /* Release */ = {
			isa = XCBuildConfiguration;
			baseConfigurationReference = 79D5154D7EA7F947CB064A18 /* Pods-Flix.release.xcconfig */;
			buildSettings = {
				ASSETCATALOG_COMPILER_APPICON_NAME = AppIcon;
				ASSETCATALOG_COMPILER_GLOBAL_ACCENT_COLOR_NAME = AccentColor;
				CODE_SIGN_STYLE = Automatic;
				DEVELOPMENT_TEAM = M6WW8H36AB;
				INFOPLIST_FILE = Flix/Info.plist;
				LD_RUNPATH_SEARCH_PATHS = (
					"$(inherited)",
					"@executable_path/Frameworks",
				);
				PRODUCT_BUNDLE_IDENTIFIER = com.marinhyatt.Flix;
				PRODUCT_NAME = "$(TARGET_NAME)";
				TARGETED_DEVICE_FAMILY = "1,2";
			};
			name = Release;
		};
		9B34065926838DA800992403 /* Debug */ = {
			isa = XCBuildConfiguration;
			baseConfigurationReference = 163D016E296FE19847B1F11B /* Pods-FlixTests.debug.xcconfig */;
			buildSettings = {
				BUNDLE_LOADER = "$(TEST_HOST)";
				CODE_SIGN_STYLE = Automatic;
				DEVELOPMENT_TEAM = M6WW8H36AB;
				INFOPLIST_FILE = FlixTests/Info.plist;
				IPHONEOS_DEPLOYMENT_TARGET = 14.5;
				LD_RUNPATH_SEARCH_PATHS = (
					"$(inherited)",
					"@executable_path/Frameworks",
					"@loader_path/Frameworks",
				);
				PRODUCT_BUNDLE_IDENTIFIER = com.marinhyatt.FlixTests;
				PRODUCT_NAME = "$(TARGET_NAME)";
				TARGETED_DEVICE_FAMILY = "1,2";
				TEST_HOST = "$(BUILT_PRODUCTS_DIR)/Flix.app/Flix";
			};
			name = Debug;
		};
		9B34065A26838DA800992403 /* Release */ = {
			isa = XCBuildConfiguration;
			baseConfigurationReference = F69D894883681553B6284FBD /* Pods-FlixTests.release.xcconfig */;
			buildSettings = {
				BUNDLE_LOADER = "$(TEST_HOST)";
				CODE_SIGN_STYLE = Automatic;
				DEVELOPMENT_TEAM = M6WW8H36AB;
				INFOPLIST_FILE = FlixTests/Info.plist;
				IPHONEOS_DEPLOYMENT_TARGET = 14.5;
				LD_RUNPATH_SEARCH_PATHS = (
					"$(inherited)",
					"@executable_path/Frameworks",
					"@loader_path/Frameworks",
				);
				PRODUCT_BUNDLE_IDENTIFIER = com.marinhyatt.FlixTests;
				PRODUCT_NAME = "$(TARGET_NAME)";
				TARGETED_DEVICE_FAMILY = "1,2";
				TEST_HOST = "$(BUILT_PRODUCTS_DIR)/Flix.app/Flix";
			};
			name = Release;
		};
		9B34065C26838DA800992403 /* Debug */ = {
			isa = XCBuildConfiguration;
			baseConfigurationReference = E4A9DC527A40F4D8106F7E0A /* Pods-Flix-FlixUITests.debug.xcconfig */;
			buildSettings = {
				CODE_SIGN_STYLE = Automatic;
				DEVELOPMENT_TEAM = M6WW8H36AB;
				INFOPLIST_FILE = FlixUITests/Info.plist;
				LD_RUNPATH_SEARCH_PATHS = (
					"$(inherited)",
					"@executable_path/Frameworks",
					"@loader_path/Frameworks",
				);
				PRODUCT_BUNDLE_IDENTIFIER = com.marinhyatt.FlixUITests;
				PRODUCT_NAME = "$(TARGET_NAME)";
				TARGETED_DEVICE_FAMILY = "1,2";
				TEST_TARGET_NAME = Flix;
			};
			name = Debug;
		};
		9B34065D26838DA800992403 /* Release */ = {
			isa = XCBuildConfiguration;
			baseConfigurationReference = 55B89FD8B1D9A41824D48560 /* Pods-Flix-FlixUITests.release.xcconfig */;
			buildSettings = {
				CODE_SIGN_STYLE = Automatic;
				DEVELOPMENT_TEAM = M6WW8H36AB;
				INFOPLIST_FILE = FlixUITests/Info.plist;
				LD_RUNPATH_SEARCH_PATHS = (
					"$(inherited)",
					"@executable_path/Frameworks",
					"@loader_path/Frameworks",
				);
				PRODUCT_BUNDLE_IDENTIFIER = com.marinhyatt.FlixUITests;
				PRODUCT_NAME = "$(TARGET_NAME)";
				TARGETED_DEVICE_FAMILY = "1,2";
				TEST_TARGET_NAME = Flix;
			};
			name = Release;
		};
/* End XCBuildConfiguration section */

/* Begin XCConfigurationList section */
		9B34062126838DA600992403 /* Build configuration list for PBXProject "Flix" */ = {
			isa = XCConfigurationList;
			buildConfigurations = (
				9B34065326838DA800992403 /* Debug */,
				9B34065426838DA800992403 /* Release */,
			);
			defaultConfigurationIsVisible = 0;
			defaultConfigurationName = Release;
		};
		9B34065526838DA800992403 /* Build configuration list for PBXNativeTarget "Flix" */ = {
			isa = XCConfigurationList;
			buildConfigurations = (
				9B34065626838DA800992403 /* Debug */,
				9B34065726838DA800992403 /* Release */,
			);
			defaultConfigurationIsVisible = 0;
			defaultConfigurationName = Release;
		};
		9B34065826838DA800992403 /* Build configuration list for PBXNativeTarget "FlixTests" */ = {
			isa = XCConfigurationList;
			buildConfigurations = (
				9B34065926838DA800992403 /* Debug */,
				9B34065A26838DA800992403 /* Release */,
			);
			defaultConfigurationIsVisible = 0;
			defaultConfigurationName = Release;
		};
		9B34065B26838DA800992403 /* Build configuration list for PBXNativeTarget "FlixUITests" */ = {
			isa = XCConfigurationList;
			buildConfigurations = (
				9B34065C26838DA800992403 /* Debug */,
				9B34065D26838DA800992403 /* Release */,
			);
			defaultConfigurationIsVisible = 0;
			defaultConfigurationName = Release;
		};
/* End XCConfigurationList section */
	};
	rootObject = 9B34061E26838DA600992403 /* Project object */;
}
